
Microsoft Visual Studio Solution File, Format Version 12.00
# Visual Studio Version 16
VisualStudioVersion = 16.0.31624.102
MinimumVisualStudioVersion = 10.0.40219.1
Project("{FAE04EC0-301F-11D3-BF4B-00C04F79EFBC}") = "TimeCount", "TimeCount\TimeCount.csproj", "{F551DCC9-1A15-48D8-A736-95F84F37CDBD}"
EndProject
Global
	GlobalSection(SolutionConfigurationPlatforms) = preSolution
		Debug|Any CPU = Debug|Any CPU
		Release|Any CPU = Release|Any CPU
	EndGlobalSection
	GlobalSection(ProjectConfigurationPlatforms) = postSolution
		{F551DCC9-1A15-48D8-A736-95F84F37CDBD}.Debug|Any CPU.ActiveCfg = Debug|Any CPU
		{F551DCC9-1A15-48D8-A736-95F84F37CDBD}.Debug|Any CPU.Build.0 = Debug|Any CPU
		{F551DCC9-1A15-48D8-A736-95F84F37CDBD}.Release|Any CPU.ActiveCfg = Release|Any CPU
		{F551DCC9-1A15-48D8-A736-95F84F37CDBD}.Release|Any CPU.Build.0 = Release|Any CPU
	EndGlobalSection
	GlobalSection(SolutionProperties) = preSolution
		HideSolutionNode = FALSE
	EndGlobalSection
	GlobalSection(ExtensibilityGlobals) = postSolution
		SolutionGuid = {B1E1694E-C7EC-4487-9DD7-8298FD27577A}
	EndGlobalSection
EndGlobal
